{
  "originHash" : "4205c047a5cba41ecb2e39acfc607a191db5d3eaaddb4a60f18ebb60fd45bcd0",
  "pins" : [
    {
      "identity" : "keychainaccess",
      "kind" : "remoteSourceControl",
      "location" : "https://github.com/kishikawakatsumi/KeychainAccess.git",
      "state" : {
        "revision" : "84e546727d66f1adc5439debad16270d0fdd04e7",
        "version" : "4.2.2"
      }
    },
    {
      "identity" : "swift-sodium",
      "kind" : "remoteSourceControl",
      "location" : "https://github.com/jedisct1/swift-sodium.git",
      "state" : {
        "revision" : "df17ff800f85491b2cdb5c9d0426dacb40761ad2",
        "version" : "0.11.0"
      }
    },
    {
      "identity" : "verkada-pass-ios-sdk",
      "kind" : "remoteSourceControl",
      "location" : "https://github.com/verkada/Verkada-Pass-iOS-SDK",
      "state" : {
        "revision" : "1e142ac4ecfc2d33d801f28e60ead304571c76d4",
        "version" : "0.5.1"
      }
    }
  ],
  "version" : 3
}
