{
  "originHash" : "4205c047a5cba41ecb2e39acfc607a191db5d3eaaddb4a60f18ebb60fd45bcd0",
  "pins" : [
    {
      "identity" : "verkada-pass-ios-sdk",
      "kind" : "remoteSourceControl",
      "location" : "https://github.com/verkada/Verkada-Pass-iOS-SDK",
      "state" : {
        "revision" : "c8590b55fc5ad956830121b8a577b488c8d72e77",
        "version" : "0.1.0"
      }
    }
  ],
  "version" : 3
}
